
Microsoft Visual Studio Solution File, Format Version 12.00
# Visual Studio Version 16
VisualStudioVersion = 16.0.30621.155
MinimumVisualStudioVersion = 10.0.40219.1
Project("{FAE04EC0-301F-11D3-BF4B-00C04F79EFBC}") = "Facebookfake", "Facebookfake\Facebookfake.csproj", "{A1B44398-D723-4C61-A684-FCD244DB0273}"
EndProject
Global
	GlobalSection(SolutionConfigurationPlatforms) = preSolution
		Debug|Any CPU = Debug|Any CPU
		Release|Any CPU = Release|Any CPU
	EndGlobalSection
	GlobalSection(ProjectConfigurationPlatforms) = postSolution
		{A1B44398-D723-4C61-A684-FCD244DB0273}.Debug|Any CPU.ActiveCfg = Debug|Any CPU
		{A1B44398-D723-4C61-A684-FCD244DB0273}.Debug|Any CPU.Build.0 = Debug|Any CPU
		{A1B44398-D723-4C61-A684-FCD244DB0273}.Release|Any CPU.ActiveCfg = Release|Any CPU
		{A1B44398-D723-4C61-A684-FCD244DB0273}.Release|Any CPU.Build.0 = Release|Any CPU
	EndGlobalSection
	GlobalSection(SolutionProperties) = preSolution
		HideSolutionNode = FALSE
	EndGlobalSection
	GlobalSection(ExtensibilityGlobals) = postSolution
		SolutionGuid = {FDD02154-1AB0-4248-A4FD-A93435393811}
	EndGlobalSection
EndGlobal
